
Microsoft Visual Studio Solution File, Format Version 12.00
# Visual Studio Version 16
VisualStudioVersion = 16.0.29709.97
MinimumVisualStudioVersion = 10.0.40219.1
Project("{FAE04EC0-301F-11D3-BF4B-00C04F79EFBC}") = "eventhubfunc", "eventhubfunc\eventhubfunc.csproj", "{71D12B1E-C63B-4EFA-BC5A-A46EA0999B1A}"
EndProject
Global
	GlobalSection(SolutionConfigurationPlatforms) = preSolution
		Debug|Any CPU = Debug|Any CPU
		Release|Any CPU = Release|Any CPU
	EndGlobalSection
	GlobalSection(ProjectConfigurationPlatforms) = postSolution
		{71D12B1E-C63B-4EFA-BC5A-A46EA0999B1A}.Debug|Any CPU.ActiveCfg = Debug|Any CPU
		{71D12B1E-C63B-4EFA-BC5A-A46EA0999B1A}.Debug|Any CPU.Build.0 = Debug|Any CPU
		{71D12B1E-C63B-4EFA-BC5A-A46EA0999B1A}.Release|Any CPU.ActiveCfg = Release|Any CPU
		{71D12B1E-C63B-4EFA-BC5A-A46EA0999B1A}.Release|Any CPU.Build.0 = Release|Any CPU
	EndGlobalSection
	GlobalSection(SolutionProperties) = preSolution
		HideSolutionNode = FALSE
	EndGlobalSection
	GlobalSection(ExtensibilityGlobals) = postSolution
		SolutionGuid = {8AC2368C-527D-4841-84EE-A258EA989936}
	EndGlobalSection
EndGlobal
